Microsoft Visual Studio Solution File, Format Version 12.00
# Visual Studio Version 17
VisualStudioVersion = 17.5.2.0
MinimumVisualStudioVersion = 10.0.40219.1
Project("{FAE04EC0-301F-11D3-BF4B-00C04F79EFBC}") = "Projeto_BuscaCEP", "Projeto_BuscaCEP.csproj", "{8F5E2832-C95B-52FB-B841-3F2B7F86BA50}"
EndProject
Global
	GlobalSection(SolutionConfigurationPlatforms) = preSolution
		Debug|Any CPU = Debug|Any CPU
		Release|Any CPU = Release|Any CPU
	EndGlobalSection
	GlobalSection(ProjectConfigurationPlatforms) = postSolution
		{8F5E2832-C95B-52FB-B841-3F2B7F86BA50}.Debug|Any CPU.ActiveCfg = Debug|Any CPU
		{8F5E2832-C95B-52FB-B841-3F2B7F86BA50}.Debug|Any CPU.Build.0 = Debug|Any CPU
		{8F5E2832-C95B-52FB-B841-3F2B7F86BA50}.Release|Any CPU.ActiveCfg = Release|Any CPU
		{8F5E2832-C95B-52FB-B841-3F2B7F86BA50}.Release|Any CPU.Build.0 = Release|Any CPU
	EndGlobalSection
	GlobalSection(SolutionProperties) = preSolution
		HideSolutionNode = FALSE
	EndGlobalSection
	GlobalSection(ExtensibilityGlobals) = postSolution
		SolutionGuid = {D8749840-51CF-4488-831C-21848ADE5E39}
	EndGlobalSection
EndGlobal
